
Microsoft Visual Studio Solution File, Format Version 12.00
Project("{2150E333-8FDC-42A3-9474-1A3956D46DE8}") = "src", "src", "{43C63C3C-90EB-4AED-BB15-B30F76F93A9E}"
EndProject
Project("{FAE04EC0-301F-11D3-BF4B-00C04F79EFBC}") = "AppHost", "src\AppHost\AppHost.csproj", "{872FE764-2544-4E27-9193-BA625245F8D5}"
EndProject
Project("{FAE04EC0-301F-11D3-BF4B-00C04F79EFBC}") = "ServiceDefaults", "src\ServiceDefaults\ServiceDefaults.csproj", "{3AEA5748-B88E-45FF-B3DC-319A7A8D13B4}"
EndProject
Project("{FAE04EC0-301F-11D3-BF4B-00C04F79EFBC}") = "Argon.Api", "src\Argon.Api\Argon.Api.csproj", "{D781D76E-6DD7-4C82-96D2-CA5D316BBF1E}"
EndProject
Project("{FAE04EC0-301F-11D3-BF4B-00C04F79EFBC}") = "Argon.Grains", "src\Argon.Grains\Argon.Grains.csproj", "{46302042-4AE5-4701-A560-6F7A9DE06C08}"
EndProject
Project("{FAE04EC0-301F-11D3-BF4B-00C04F79EFBC}") = "Argon.Grains.Interfaces", "src\Argon.Grains.Interfaces\Argon.Grains.Interfaces.csproj", "{14F7CBC1-D8B6-4BAE-83A0-77987CDF76B5}"
EndProject
Project("{FAE04EC0-301F-11D3-BF4B-00C04F79EFBC}") = "Argon.Orleans.Client", "src\Argon.Orleans.Client\Argon.Orleans.Client.csproj", "{81518909-9B70-4BA8-B28E-A851F0D92823}"
EndProject
Project("{FAE04EC0-301F-11D3-BF4B-00C04F79EFBC}") = "Argon.Api.Common", "src\Argon.Api.Common\Argon.Api.Common.csproj", "{2E23380A-5F69-4FA2-8E91-C98BBF755DB6}"
EndProject
Global
	GlobalSection(SolutionConfigurationPlatforms) = preSolution
		Debug|Any CPU = Debug|Any CPU
		Release|Any CPU = Release|Any CPU
	EndGlobalSection
	GlobalSection(NestedProjects) = preSolution
		{872FE764-2544-4E27-9193-BA625245F8D5} = {43C63C3C-90EB-4AED-BB15-B30F76F93A9E}
		{3AEA5748-B88E-45FF-B3DC-319A7A8D13B4} = {43C63C3C-90EB-4AED-BB15-B30F76F93A9E}
		{D781D76E-6DD7-4C82-96D2-CA5D316BBF1E} = {43C63C3C-90EB-4AED-BB15-B30F76F93A9E}
		{46302042-4AE5-4701-A560-6F7A9DE06C08} = {43C63C3C-90EB-4AED-BB15-B30F76F93A9E}
		{14F7CBC1-D8B6-4BAE-83A0-77987CDF76B5} = {43C63C3C-90EB-4AED-BB15-B30F76F93A9E}
		{81518909-9B70-4BA8-B28E-A851F0D92823} = {43C63C3C-90EB-4AED-BB15-B30F76F93A9E}
		{2E23380A-5F69-4FA2-8E91-C98BBF755DB6} = {43C63C3C-90EB-4AED-BB15-B30F76F93A9E}
	EndGlobalSection
	GlobalSection(ProjectConfigurationPlatforms) = postSolution
		{872FE764-2544-4E27-9193-BA625245F8D5}.Debug|Any CPU.ActiveCfg = Debug|Any CPU
		{872FE764-2544-4E27-9193-BA625245F8D5}.Debug|Any CPU.Build.0 = Debug|Any CPU
		{872FE764-2544-4E27-9193-BA625245F8D5}.Release|Any CPU.ActiveCfg = Release|Any CPU
		{872FE764-2544-4E27-9193-BA625245F8D5}.Release|Any CPU.Build.0 = Release|Any CPU
		{3AEA5748-B88E-45FF-B3DC-319A7A8D13B4}.Debug|Any CPU.ActiveCfg = Debug|Any CPU
		{3AEA5748-B88E-45FF-B3DC-319A7A8D13B4}.Debug|Any CPU.Build.0 = Debug|Any CPU
		{3AEA5748-B88E-45FF-B3DC-319A7A8D13B4}.Release|Any CPU.ActiveCfg = Release|Any CPU
		{3AEA5748-B88E-45FF-B3DC-319A7A8D13B4}.Release|Any CPU.Build.0 = Release|Any CPU
		{D781D76E-6DD7-4C82-96D2-CA5D316BBF1E}.Debug|Any CPU.ActiveCfg = Debug|Any CPU
		{D781D76E-6DD7-4C82-96D2-CA5D316BBF1E}.Debug|Any CPU.Build.0 = Debug|Any CPU
		{D781D76E-6DD7-4C82-96D2-CA5D316BBF1E}.Release|Any CPU.ActiveCfg = Release|Any CPU
		{D781D76E-6DD7-4C82-96D2-CA5D316BBF1E}.Release|Any CPU.Build.0 = Release|Any CPU
		{46302042-4AE5-4701-A560-6F7A9DE06C08}.Debug|Any CPU.ActiveCfg = Debug|Any CPU
		{46302042-4AE5-4701-A560-6F7A9DE06C08}.Debug|Any CPU.Build.0 = Debug|Any CPU
		{46302042-4AE5-4701-A560-6F7A9DE06C08}.Release|Any CPU.ActiveCfg = Release|Any CPU
		{46302042-4AE5-4701-A560-6F7A9DE06C08}.Release|Any CPU.Build.0 = Release|Any CPU
		{14F7CBC1-D8B6-4BAE-83A0-77987CDF76B5}.Debug|Any CPU.ActiveCfg = Debug|Any CPU
		{14F7CBC1-D8B6-4BAE-83A0-77987CDF76B5}.Debug|Any CPU.Build.0 = Debug|Any CPU
		{14F7CBC1-D8B6-4BAE-83A0-77987CDF76B5}.Release|Any CPU.ActiveCfg = Release|Any CPU
		{14F7CBC1-D8B6-4BAE-83A0-77987CDF76B5}.Release|Any CPU.Build.0 = Release|Any CPU
		{81518909-9B70-4BA8-B28E-A851F0D92823}.Debug|Any CPU.ActiveCfg = Debug|Any CPU
		{81518909-9B70-4BA8-B28E-A851F0D92823}.Debug|Any CPU.Build.0 = Debug|Any CPU
		{81518909-9B70-4BA8-B28E-A851F0D92823}.Release|Any CPU.ActiveCfg = Release|Any CPU
		{81518909-9B70-4BA8-B28E-A851F0D92823}.Release|Any CPU.Build.0 = Release|Any CPU
		{2E23380A-5F69-4FA2-8E91-C98BBF755DB6}.Debug|Any CPU.ActiveCfg = Debug|Any CPU
		{2E23380A-5F69-4FA2-8E91-C98BBF755DB6}.Debug|Any CPU.Build.0 = Debug|Any CPU
		{2E23380A-5F69-4FA2-8E91-C98BBF755DB6}.Release|Any CPU.ActiveCfg = Release|Any CPU
		{2E23380A-5F69-4FA2-8E91-C98BBF755DB6}.Release|Any CPU.Build.0 = Release|Any CPU
	EndGlobalSection
EndGlobal
