
Microsoft Visual Studio Solution File, Format Version 12.00
Project("{2150E333-8FDC-42A3-9474-1A3956D46DE8}") = "src", "src", "{43C63C3C-90EB-4AED-BB15-B30F76F93A9E}"
EndProject
Project("{FAE04EC0-301F-11D3-BF4B-00C04F79EFBC}") = "AppHost", "src\AppHost\AppHost.csproj", "{872FE764-2544-4E27-9193-BA625245F8D5}"
EndProject
Project("{FAE04EC0-301F-11D3-BF4B-00C04F79EFBC}") = "ServiceDefaults", "src\ServiceDefaults\ServiceDefaults.csproj", "{3AEA5748-B88E-45FF-B3DC-319A7A8D13B4}"
EndProject
Project("{FAE04EC0-301F-11D3-BF4B-00C04F79EFBC}") = "Argon.Api", "src\Argon.Api\Argon.Api.csproj", "{D781D76E-6DD7-4C82-96D2-CA5D316BBF1E}"
EndProject
Project("{FAE04EC0-301F-11D3-BF4B-00C04F79EFBC}") = "Argon.Api.Common", "src\Argon.Api.Common\Argon.Api.Common.csproj", "{2E23380A-5F69-4FA2-8E91-C98BBF755DB6}"
EndProject
Project("{FAE04EC0-301F-11D3-BF4B-00C04F79EFBC}") = "Argon.Grains", "Contracts\Argon.Grains\Argon.Grains.csproj", "{9D8512AA-367B-427C-8387-AE03F2374EE0}"
EndProject
Project("{FAE04EC0-301F-11D3-BF4B-00C04F79EFBC}") = "Argon.Grains.Interfaces", "Contracts\Argon.Grains.Interfaces\Argon.Grains.Interfaces.csproj", "{5B50B6FF-C2ED-4DB9-B805-0CB1AA30E328}"
EndProject
Project("{FAE04EC0-301F-11D3-BF4B-00C04F79EFBC}") = "Argon.Orleans.Client", "Contracts\Argon.Orleans.Client\Argon.Orleans.Client.csproj", "{B53E94BD-BFB4-4BD1-BFFC-8CC0CB610100}"
EndProject
Project("{FAE04EC0-301F-11D3-BF4B-00C04F79EFBC}") = "ConsoleApp1", "src\ConsoleApp1\ConsoleApp1.csproj", "{EEC40E82-5DC5-463D-BA56-7680A0E41A4E}"
EndProject
Global
	GlobalSection(SolutionConfigurationPlatforms) = preSolution
		Debug|Any CPU = Debug|Any CPU
		Release|Any CPU = Release|Any CPU
	EndGlobalSection
	GlobalSection(NestedProjects) = preSolution
		{872FE764-2544-4E27-9193-BA625245F8D5} = {43C63C3C-90EB-4AED-BB15-B30F76F93A9E}
		{3AEA5748-B88E-45FF-B3DC-319A7A8D13B4} = {43C63C3C-90EB-4AED-BB15-B30F76F93A9E}
		{D781D76E-6DD7-4C82-96D2-CA5D316BBF1E} = {43C63C3C-90EB-4AED-BB15-B30F76F93A9E}
		{2E23380A-5F69-4FA2-8E91-C98BBF755DB6} = {43C63C3C-90EB-4AED-BB15-B30F76F93A9E}
		{9D8512AA-367B-427C-8387-AE03F2374EE0} = {43C63C3C-90EB-4AED-BB15-B30F76F93A9E}
		{5B50B6FF-C2ED-4DB9-B805-0CB1AA30E328} = {43C63C3C-90EB-4AED-BB15-B30F76F93A9E}
		{B53E94BD-BFB4-4BD1-BFFC-8CC0CB610100} = {43C63C3C-90EB-4AED-BB15-B30F76F93A9E}
		{EEC40E82-5DC5-463D-BA56-7680A0E41A4E} = {43C63C3C-90EB-4AED-BB15-B30F76F93A9E}
	EndGlobalSection
	GlobalSection(ProjectConfigurationPlatforms) = postSolution
		{872FE764-2544-4E27-9193-BA625245F8D5}.Debug|Any CPU.ActiveCfg = Debug|Any CPU
		{872FE764-2544-4E27-9193-BA625245F8D5}.Debug|Any CPU.Build.0 = Debug|Any CPU
		{872FE764-2544-4E27-9193-BA625245F8D5}.Release|Any CPU.ActiveCfg = Release|Any CPU
		{872FE764-2544-4E27-9193-BA625245F8D5}.Release|Any CPU.Build.0 = Release|Any CPU
		{3AEA5748-B88E-45FF-B3DC-319A7A8D13B4}.Debug|Any CPU.ActiveCfg = Debug|Any CPU
		{3AEA5748-B88E-45FF-B3DC-319A7A8D13B4}.Debug|Any CPU.Build.0 = Debug|Any CPU
		{3AEA5748-B88E-45FF-B3DC-319A7A8D13B4}.Release|Any CPU.ActiveCfg = Release|Any CPU
		{3AEA5748-B88E-45FF-B3DC-319A7A8D13B4}.Release|Any CPU.Build.0 = Release|Any CPU
		{D781D76E-6DD7-4C82-96D2-CA5D316BBF1E}.Debug|Any CPU.ActiveCfg = Debug|Any CPU
		{D781D76E-6DD7-4C82-96D2-CA5D316BBF1E}.Debug|Any CPU.Build.0 = Debug|Any CPU
		{D781D76E-6DD7-4C82-96D2-CA5D316BBF1E}.Release|Any CPU.ActiveCfg = Release|Any CPU
		{D781D76E-6DD7-4C82-96D2-CA5D316BBF1E}.Release|Any CPU.Build.0 = Release|Any CPU
		{2E23380A-5F69-4FA2-8E91-C98BBF755DB6}.Debug|Any CPU.ActiveCfg = Debug|Any CPU
		{2E23380A-5F69-4FA2-8E91-C98BBF755DB6}.Debug|Any CPU.Build.0 = Debug|Any CPU
		{2E23380A-5F69-4FA2-8E91-C98BBF755DB6}.Release|Any CPU.ActiveCfg = Release|Any CPU
		{2E23380A-5F69-4FA2-8E91-C98BBF755DB6}.Release|Any CPU.Build.0 = Release|Any CPU
		{9D8512AA-367B-427C-8387-AE03F2374EE0}.Debug|Any CPU.ActiveCfg = Debug|Any CPU
		{9D8512AA-367B-427C-8387-AE03F2374EE0}.Debug|Any CPU.Build.0 = Debug|Any CPU
		{9D8512AA-367B-427C-8387-AE03F2374EE0}.Release|Any CPU.ActiveCfg = Release|Any CPU
		{9D8512AA-367B-427C-8387-AE03F2374EE0}.Release|Any CPU.Build.0 = Release|Any CPU
		{5B50B6FF-C2ED-4DB9-B805-0CB1AA30E328}.Debug|Any CPU.ActiveCfg = Debug|Any CPU
		{5B50B6FF-C2ED-4DB9-B805-0CB1AA30E328}.Debug|Any CPU.Build.0 = Debug|Any CPU
		{5B50B6FF-C2ED-4DB9-B805-0CB1AA30E328}.Release|Any CPU.ActiveCfg = Release|Any CPU
		{5B50B6FF-C2ED-4DB9-B805-0CB1AA30E328}.Release|Any CPU.Build.0 = Release|Any CPU
		{B53E94BD-BFB4-4BD1-BFFC-8CC0CB610100}.Debug|Any CPU.ActiveCfg = Debug|Any CPU
		{B53E94BD-BFB4-4BD1-BFFC-8CC0CB610100}.Debug|Any CPU.Build.0 = Debug|Any CPU
		{B53E94BD-BFB4-4BD1-BFFC-8CC0CB610100}.Release|Any CPU.ActiveCfg = Release|Any CPU
		{B53E94BD-BFB4-4BD1-BFFC-8CC0CB610100}.Release|Any CPU.Build.0 = Release|Any CPU
		{EEC40E82-5DC5-463D-BA56-7680A0E41A4E}.Debug|Any CPU.ActiveCfg = Debug|Any CPU
		{EEC40E82-5DC5-463D-BA56-7680A0E41A4E}.Debug|Any CPU.Build.0 = Debug|Any CPU
		{EEC40E82-5DC5-463D-BA56-7680A0E41A4E}.Release|Any CPU.ActiveCfg = Release|Any CPU
		{EEC40E82-5DC5-463D-BA56-7680A0E41A4E}.Release|Any CPU.Build.0 = Release|Any CPU
	EndGlobalSection
EndGlobal
