
Microsoft Visual Studio Solution File, Format Version 12.00
# Visual Studio Version 17
VisualStudioVersion = 17.12.35209.166
MinimumVisualStudioVersion = 10.0.40219.1
Project("{2150E333-8FDC-42A3-9474-1A3956D46DE8}") = "src", "src", "{43C63C3C-90EB-4AED-BB15-B30F76F93A9E}"
EndProject
Project("{FAE04EC0-301F-11D3-BF4B-00C04F79EFBC}") = "AppHost", "src\AppHost\AppHost.csproj", "{872FE764-2544-4E27-9193-BA625245F8D5}"
EndProject
Project("{FAE04EC0-301F-11D3-BF4B-00C04F79EFBC}") = "ServiceDefaults", "src\ServiceDefaults\ServiceDefaults.csproj", "{3AEA5748-B88E-45FF-B3DC-319A7A8D13B4}"
EndProject
Project("{FAE04EC0-301F-11D3-BF4B-00C04F79EFBC}") = "Argon.Api", "src\Argon.Api\Argon.Api.csproj", "{D781D76E-6DD7-4C82-96D2-CA5D316BBF1E}"
EndProject
Project("{2150E333-8FDC-42A3-9474-1A3956D46DE8}") = "Solution Items", "Solution Items", "{04BCD017-B97A-4A82-A4B1-FA2C9C70B76C}"
	ProjectSection(SolutionItems) = preProject
		.dockerignore = .dockerignore
		.editorconfig = .editorconfig
		.gitignore = .gitignore
		.gitmodules = .gitmodules
		docker-compose.yaml = docker-compose.yaml
		GitVersion.yml = GitVersion.yml
	EndProjectSection
EndProject
Project("{FAE04EC0-301F-11D3-BF4B-00C04F79EFBC}") = "Argon.Contracts", "src\Argon.Contracts\Argon.Contracts.csproj", "{151002BD-57E5-440B-9CA7-C681A69CA02C}"
EndProject
Project("{2150E333-8FDC-42A3-9474-1A3956D46DE8}") = "tests", "tests", "{90798FD4-3C62-4AE1-ADE9-F5EC4A0FD4B1}"
EndProject
Project("{FAE04EC0-301F-11D3-BF4B-00C04F79EFBC}") = "Grains.Interfaces", "src\Grains.Interfaces\Grains.Interfaces.csproj", "{5BA1F3B1-D442-4C16-B8D5-D9A1D2D13957}"
EndProject
Project("{FAE04EC0-301F-11D3-BF4B-00C04F79EFBC}") = "Models", "src\Models\Models.csproj", "{9D390396-E330-4060-9C2A-FD5B933C7F90}"
EndProject
Project("{FAE04EC0-301F-11D3-BF4B-00C04F79EFBC}") = "Grains", "src\Grains\Grains.csproj", "{ADC6379C-C252-4C24-9047-E09D7BE73D5E}"
EndProject
Project("{FAE04EC0-301F-11D3-BF4B-00C04F79EFBC}") = "Services", "src\Services\Services.csproj", "{8BEE378B-511C-49C6-AE76-BC04517FA808}"
EndProject
Project("{FAE04EC0-301F-11D3-BF4B-00C04F79EFBC}") = "Argon.ServerRpc", "src\Argon.ServerRpc\Argon.ServerRpc.csproj", "{5E4A4AE4-E086-48F5-A2EB-43B73052694D}"
EndProject
Global
	GlobalSection(SolutionConfigurationPlatforms) = preSolution
		Debug|Any CPU = Debug|Any CPU
		Release|Any CPU = Release|Any CPU
	EndGlobalSection
	GlobalSection(ProjectConfigurationPlatforms) = postSolution
		{872FE764-2544-4E27-9193-BA625245F8D5}.Debug|Any CPU.ActiveCfg = Debug|Any CPU
		{872FE764-2544-4E27-9193-BA625245F8D5}.Debug|Any CPU.Build.0 = Debug|Any CPU
		{872FE764-2544-4E27-9193-BA625245F8D5}.Release|Any CPU.ActiveCfg = Release|Any CPU
		{872FE764-2544-4E27-9193-BA625245F8D5}.Release|Any CPU.Build.0 = Release|Any CPU
		{3AEA5748-B88E-45FF-B3DC-319A7A8D13B4}.Debug|Any CPU.ActiveCfg = Debug|Any CPU
		{3AEA5748-B88E-45FF-B3DC-319A7A8D13B4}.Debug|Any CPU.Build.0 = Debug|Any CPU
		{3AEA5748-B88E-45FF-B3DC-319A7A8D13B4}.Release|Any CPU.ActiveCfg = Release|Any CPU
		{3AEA5748-B88E-45FF-B3DC-319A7A8D13B4}.Release|Any CPU.Build.0 = Release|Any CPU
		{D781D76E-6DD7-4C82-96D2-CA5D316BBF1E}.Debug|Any CPU.ActiveCfg = Debug|Any CPU
		{D781D76E-6DD7-4C82-96D2-CA5D316BBF1E}.Debug|Any CPU.Build.0 = Debug|Any CPU
		{D781D76E-6DD7-4C82-96D2-CA5D316BBF1E}.Release|Any CPU.ActiveCfg = Release|Any CPU
		{D781D76E-6DD7-4C82-96D2-CA5D316BBF1E}.Release|Any CPU.Build.0 = Release|Any CPU
		{151002BD-57E5-440B-9CA7-C681A69CA02C}.Debug|Any CPU.ActiveCfg = Debug|Any CPU
		{151002BD-57E5-440B-9CA7-C681A69CA02C}.Debug|Any CPU.Build.0 = Debug|Any CPU
		{151002BD-57E5-440B-9CA7-C681A69CA02C}.Release|Any CPU.ActiveCfg = Release|Any CPU
		{151002BD-57E5-440B-9CA7-C681A69CA02C}.Release|Any CPU.Build.0 = Release|Any CPU
		{5BA1F3B1-D442-4C16-B8D5-D9A1D2D13957}.Debug|Any CPU.ActiveCfg = Debug|Any CPU
		{5BA1F3B1-D442-4C16-B8D5-D9A1D2D13957}.Debug|Any CPU.Build.0 = Debug|Any CPU
		{5BA1F3B1-D442-4C16-B8D5-D9A1D2D13957}.Release|Any CPU.ActiveCfg = Release|Any CPU
		{5BA1F3B1-D442-4C16-B8D5-D9A1D2D13957}.Release|Any CPU.Build.0 = Release|Any CPU
		{9D390396-E330-4060-9C2A-FD5B933C7F90}.Debug|Any CPU.ActiveCfg = Debug|Any CPU
		{9D390396-E330-4060-9C2A-FD5B933C7F90}.Debug|Any CPU.Build.0 = Debug|Any CPU
		{9D390396-E330-4060-9C2A-FD5B933C7F90}.Release|Any CPU.ActiveCfg = Release|Any CPU
		{9D390396-E330-4060-9C2A-FD5B933C7F90}.Release|Any CPU.Build.0 = Release|Any CPU
		{ADC6379C-C252-4C24-9047-E09D7BE73D5E}.Debug|Any CPU.ActiveCfg = Debug|Any CPU
		{ADC6379C-C252-4C24-9047-E09D7BE73D5E}.Debug|Any CPU.Build.0 = Debug|Any CPU
		{ADC6379C-C252-4C24-9047-E09D7BE73D5E}.Release|Any CPU.ActiveCfg = Release|Any CPU
		{ADC6379C-C252-4C24-9047-E09D7BE73D5E}.Release|Any CPU.Build.0 = Release|Any CPU
		{8BEE378B-511C-49C6-AE76-BC04517FA808}.Debug|Any CPU.ActiveCfg = Debug|Any CPU
		{8BEE378B-511C-49C6-AE76-BC04517FA808}.Debug|Any CPU.Build.0 = Debug|Any CPU
		{8BEE378B-511C-49C6-AE76-BC04517FA808}.Release|Any CPU.ActiveCfg = Release|Any CPU
		{8BEE378B-511C-49C6-AE76-BC04517FA808}.Release|Any CPU.Build.0 = Release|Any CPU
		{5E4A4AE4-E086-48F5-A2EB-43B73052694D}.Debug|Any CPU.ActiveCfg = Debug|Any CPU
		{5E4A4AE4-E086-48F5-A2EB-43B73052694D}.Debug|Any CPU.Build.0 = Debug|Any CPU
		{5E4A4AE4-E086-48F5-A2EB-43B73052694D}.Release|Any CPU.ActiveCfg = Release|Any CPU
		{5E4A4AE4-E086-48F5-A2EB-43B73052694D}.Release|Any CPU.Build.0 = Release|Any CPU
	EndGlobalSection
	GlobalSection(SolutionProperties) = preSolution
		HideSolutionNode = FALSE
	EndGlobalSection
	GlobalSection(NestedProjects) = preSolution
		{872FE764-2544-4E27-9193-BA625245F8D5} = {43C63C3C-90EB-4AED-BB15-B30F76F93A9E}
		{3AEA5748-B88E-45FF-B3DC-319A7A8D13B4} = {43C63C3C-90EB-4AED-BB15-B30F76F93A9E}
		{D781D76E-6DD7-4C82-96D2-CA5D316BBF1E} = {43C63C3C-90EB-4AED-BB15-B30F76F93A9E}
		{151002BD-57E5-440B-9CA7-C681A69CA02C} = {43C63C3C-90EB-4AED-BB15-B30F76F93A9E}
		{5BA1F3B1-D442-4C16-B8D5-D9A1D2D13957} = {43C63C3C-90EB-4AED-BB15-B30F76F93A9E}
		{9D390396-E330-4060-9C2A-FD5B933C7F90} = {43C63C3C-90EB-4AED-BB15-B30F76F93A9E}
		{ADC6379C-C252-4C24-9047-E09D7BE73D5E} = {43C63C3C-90EB-4AED-BB15-B30F76F93A9E}
		{8BEE378B-511C-49C6-AE76-BC04517FA808} = {43C63C3C-90EB-4AED-BB15-B30F76F93A9E}
		{5E4A4AE4-E086-48F5-A2EB-43B73052694D} = {43C63C3C-90EB-4AED-BB15-B30F76F93A9E}
	EndGlobalSection
	GlobalSection(ExtensibilityGlobals) = postSolution
		SolutionGuid = {576333C3-629F-47F8-BE21-3E82EDC2655D}
	EndGlobalSection
EndGlobal
